
Microsoft Visual Studio Solution File, Format Version 12.00
# Visual Studio 15
VisualStudioVersion = 15.0.26730.16
MinimumVisualStudioVersion = 10.0.40219.1
Project("{FAE04EC0-301F-11D3-BF4B-00C04F79EFBC}") = "CodingDojo3", "CodingDojo3\CodingDojo3.csproj", "{EADCAC27-4A27-4045-97AB-1DDB96CBBE58}"
EndProject
Global
	GlobalSection(SolutionConfigurationPlatforms) = preSolution
		Debug|Any CPU = Debug|Any CPU
		Release|Any CPU = Release|Any CPU
	EndGlobalSection
	GlobalSection(ProjectConfigurationPlatforms) = postSolution
		{EADCAC27-4A27-4045-97AB-1DDB96CBBE58}.Debug|Any CPU.ActiveCfg = Debug|Any CPU
		{EADCAC27-4A27-4045-97AB-1DDB96CBBE58}.Debug|Any CPU.Build.0 = Debug|Any CPU
		{EADCAC27-4A27-4045-97AB-1DDB96CBBE58}.Release|Any CPU.ActiveCfg = Release|Any CPU
		{EADCAC27-4A27-4045-97AB-1DDB96CBBE58}.Release|Any CPU.Build.0 = Release|Any CPU
	EndGlobalSection
	GlobalSection(SolutionProperties) = preSolution
		HideSolutionNode = FALSE
	EndGlobalSection
	GlobalSection(ExtensibilityGlobals) = postSolution
		SolutionGuid = {9B23F6ED-8BBA-4E2E-A58A-856812F37BD1}
	EndGlobalSection
EndGlobal
